{
  "version": 4,
  "terraform_version": "1.4.5",
  "serial": 614,
  "lineage": "913f8a5a-96a5-8249-ed8b-86f7c133b0a9",
  "outputs": {
    "jenkins_floating_ip": {
      "value": "172.24.4.45",
      "type": "string"
    },
    "prod_floating_ip": {
      "value": "172.24.4.106",
      "type": "string"
    },
    "sonar_floating_ip": {
      "value": "172.24.4.111",
      "type": "string"
    }
  },
  "resources": [
    {
      "mode": "managed",
      "type": "openstack_compute_floatingip_associate_v2",
      "name": "public_ip_jenkins_attach",
      "provider": "provider[\"registry.terraform.io/terraform-provider-openstack/openstack\"]",
      "instances": [
        {
          "schema_version": 0,
          "attributes": {
            "fixed_ip": "",
            "floating_ip": "172.24.4.45",
            "id": "172.24.4.45/8d1305a4-e4bf-4218-8512-da7d8a3f1f95/",
            "instance_id": "8d1305a4-e4bf-4218-8512-da7d8a3f1f95",
            "region": "RegionOne",
            "timeouts": null,
            "wait_until_associated": null
          },
          "sensitive_attributes": [],
          "private": "eyJlMmJmYjczMC1lY2FhLTExZTYtOGY4OC0zNDM2M2JjN2M0YzAiOnsiY3JlYXRlIjo2MDAwMDAwMDAwMDB9fQ==",
          "dependencies": [
            "openstack_compute_instance_v2.jenkins",
            "openstack_compute_keypair_v2.ssh_jenkins",
            "openstack_compute_secgroup_v2.sg_jenkins",
            "openstack_networking_floatingip_v2.public_ip_jenkins"
          ]
        }
      ]
    },
    {
      "mode": "managed",
      "type": "openstack_compute_floatingip_associate_v2",
      "name": "public_ip_prod_attach",
      "provider": "provider[\"registry.terraform.io/terraform-provider-openstack/openstack\"]",
      "instances": [
        {
          "schema_version": 0,
          "attributes": {
            "fixed_ip": "",
            "floating_ip": "172.24.4.106",
            "id": "172.24.4.106/a5f45169-e5ba-481f-94da-6b6887dcf22f/",
            "instance_id": "a5f45169-e5ba-481f-94da-6b6887dcf22f",
            "region": "RegionOne",
            "timeouts": null,
            "wait_until_associated": null
          },
          "sensitive_attributes": [],
          "private": "eyJlMmJmYjczMC1lY2FhLTExZTYtOGY4OC0zNDM2M2JjN2M0YzAiOnsiY3JlYXRlIjo2MDAwMDAwMDAwMDB9fQ==",
          "dependencies": [
            "openstack_compute_instance_v2.prod",
            "openstack_compute_keypair_v2.ssh_prod",
            "openstack_compute_secgroup_v2.sg_prod",
            "openstack_networking_floatingip_v2.Public_IP_prod"
          ]
        }
      ]
    },
    {
      "mode": "managed",
      "type": "openstack_compute_floatingip_associate_v2",
      "name": "public_ip_sonar_attach",
      "provider": "provider[\"registry.terraform.io/terraform-provider-openstack/openstack\"]",
      "instances": [
        {
          "schema_version": 0,
          "attributes": {
            "fixed_ip": "",
            "floating_ip": "172.24.4.111",
            "id": "172.24.4.111/904f454f-5fd9-48e3-8c9c-2969227d1f96/",
            "instance_id": "904f454f-5fd9-48e3-8c9c-2969227d1f96",
            "region": "RegionOne",
            "timeouts": null,
            "wait_until_associated": null
          },
          "sensitive_attributes": [],
          "private": "eyJlMmJmYjczMC1lY2FhLTExZTYtOGY4OC0zNDM2M2JjN2M0YzAiOnsiY3JlYXRlIjo2MDAwMDAwMDAwMDB9fQ==",
          "dependencies": [
            "openstack_compute_instance_v2.sonar",
            "openstack_compute_keypair_v2.ssh_sonar",
            "openstack_compute_secgroup_v2.sg_sonar",
            "openstack_networking_floatingip_v2.Public_IP_sonar"
          ]
        }
      ]
    },
    {
      "mode": "managed",
      "type": "openstack_compute_instance_v2",
      "name": "jenkins",
      "provider": "provider[\"registry.terraform.io/terraform-provider-openstack/openstack\"]",
      "instances": [
        {
          "schema_version": 0,
          "attributes": {
            "access_ip_v4": "192.168.233.14",
            "access_ip_v6": "",
            "admin_pass": null,
            "all_metadata": {},
            "all_tags": [],
            "availability_zone": "nova",
            "availability_zone_hints": null,
            "block_device": [],
            "config_drive": null,
            "created": "2023-09-14 13:05:09 +0000 UTC",
            "flavor_id": "d3p",
            "flavor_name": "ds4G-",
            "floating_ip": null,
            "force_delete": false,
            "id": "8d1305a4-e4bf-4218-8512-da7d8a3f1f95",
            "image_id": "a7167185-6aa1-4e50-b30b-f26c9fddcf76",
            "image_name": "centos",
            "key_pair": "ssh_jenkins",
            "metadata": null,
            "name": "jenkins",
            "network": [
              {
                "access_network": false,
                "fixed_ip_v4": "192.168.233.14",
                "fixed_ip_v6": "",
                "floating_ip": "",
                "mac": "fa:16:3e:83:1a:cf",
                "name": "shared",
                "port": "",
                "uuid": "95b39675-aff5-4699-b1c6-ea3722658f06"
              }
            ],
            "network_mode": null,
            "personality": [],
            "power_state": "active",
            "region": "RegionOne",
            "scheduler_hints": [],
            "security_groups": [
              "jenkins"
            ],
            "stop_before_destroy": false,
            "tags": [],
            "timeouts": null,
            "updated": "2023-09-14 13:05:25 +0000 UTC",
            "user_data": null,
            "vendor_options": [],
            "volume": []
          },
          "sensitive_attributes": [],
          "private": "eyJlMmJmYjczMC1lY2FhLTExZTYtOGY4OC0zNDM2M2JjN2M0YzAiOnsiY3JlYXRlIjoxODAwMDAwMDAwMDAwLCJkZWxldGUiOjE4MDAwMDAwMDAwMDAsInVwZGF0ZSI6MTgwMDAwMDAwMDAwMH19",
          "dependencies": [
            "openstack_compute_keypair_v2.ssh_jenkins",
            "openstack_compute_secgroup_v2.sg_jenkins"
          ]
        }
      ]
    },
    {
      "mode": "managed",
      "type": "openstack_compute_instance_v2",
      "name": "prod",
      "provider": "provider[\"registry.terraform.io/terraform-provider-openstack/openstack\"]",
      "instances": [
        {
          "schema_version": 0,
          "attributes": {
            "access_ip_v4": "192.168.233.126",
            "access_ip_v6": "",
            "admin_pass": null,
            "all_metadata": {},
            "all_tags": [],
            "availability_zone": "nova",
            "availability_zone_hints": null,
            "block_device": [],
            "config_drive": null,
            "created": "2023-09-14 13:05:09 +0000 UTC",
            "flavor_id": "d3",
            "flavor_name": "ds2G",
            "floating_ip": null,
            "force_delete": false,
            "id": "a5f45169-e5ba-481f-94da-6b6887dcf22f",
            "image_id": "a7167185-6aa1-4e50-b30b-f26c9fddcf76",
            "image_name": "centos",
            "key_pair": "ssh_prod",
            "metadata": null,
            "name": "prod",
            "network": [
              {
                "access_network": false,
                "fixed_ip_v4": "192.168.233.126",
                "fixed_ip_v6": "",
                "floating_ip": "",
                "mac": "fa:16:3e:4d:df:dc",
                "name": "shared",
                "port": "",
                "uuid": "95b39675-aff5-4699-b1c6-ea3722658f06"
              }
            ],
            "network_mode": null,
            "personality": [],
            "power_state": "active",
            "region": "RegionOne",
            "scheduler_hints": [],
            "security_groups": [
              "prod"
            ],
            "stop_before_destroy": false,
            "tags": [],
            "timeouts": null,
            "updated": "2023-09-14 13:05:24 +0000 UTC",
            "user_data": null,
            "vendor_options": [],
            "volume": []
          },
          "sensitive_attributes": [],
          "private": "eyJlMmJmYjczMC1lY2FhLTExZTYtOGY4OC0zNDM2M2JjN2M0YzAiOnsiY3JlYXRlIjoxODAwMDAwMDAwMDAwLCJkZWxldGUiOjE4MDAwMDAwMDAwMDAsInVwZGF0ZSI6MTgwMDAwMDAwMDAwMH19",
          "dependencies": [
            "openstack_compute_keypair_v2.ssh_prod",
            "openstack_compute_secgroup_v2.sg_prod"
          ]
        }
      ]
    },
    {
      "mode": "managed",
      "type": "openstack_compute_instance_v2",
      "name": "sonar",
      "provider": "provider[\"registry.terraform.io/terraform-provider-openstack/openstack\"]",
      "instances": [
        {
          "schema_version": 0,
          "attributes": {
            "access_ip_v4": "192.168.233.74",
            "access_ip_v6": "",
            "admin_pass": null,
            "all_metadata": {},
            "all_tags": [],
            "availability_zone": "nova",
            "availability_zone_hints": null,
            "block_device": [],
            "config_drive": null,
            "created": "2023-09-14 13:05:09 +0000 UTC",
            "flavor_id": "d3q",
            "flavor_name": "ds4G10",
            "floating_ip": null,
            "force_delete": false,
            "id": "904f454f-5fd9-48e3-8c9c-2969227d1f96",
            "image_id": "a7167185-6aa1-4e50-b30b-f26c9fddcf76",
            "image_name": "centos",
            "key_pair": "ssh_sonar",
            "metadata": null,
            "name": "sonar",
            "network": [
              {
                "access_network": false,
                "fixed_ip_v4": "192.168.233.74",
                "fixed_ip_v6": "",
                "floating_ip": "",
                "mac": "fa:16:3e:a1:86:db",
                "name": "shared",
                "port": "",
                "uuid": "95b39675-aff5-4699-b1c6-ea3722658f06"
              }
            ],
            "network_mode": null,
            "personality": [],
            "power_state": "active",
            "region": "RegionOne",
            "scheduler_hints": [],
            "security_groups": [
              "sonar"
            ],
            "stop_before_destroy": false,
            "tags": [],
            "timeouts": null,
            "updated": "2023-09-14 13:05:24 +0000 UTC",
            "user_data": null,
            "vendor_options": [],
            "volume": []
          },
          "sensitive_attributes": [],
          "private": "eyJlMmJmYjczMC1lY2FhLTExZTYtOGY4OC0zNDM2M2JjN2M0YzAiOnsiY3JlYXRlIjoxODAwMDAwMDAwMDAwLCJkZWxldGUiOjE4MDAwMDAwMDAwMDAsInVwZGF0ZSI6MTgwMDAwMDAwMDAwMH19",
          "dependencies": [
            "openstack_compute_keypair_v2.ssh_sonar",
            "openstack_compute_secgroup_v2.sg_sonar"
          ]
        }
      ]
    },
    {
      "mode": "managed",
      "type": "openstack_compute_keypair_v2",
      "name": "ssh_jenkins",
      "provider": "provider[\"registry.terraform.io/terraform-provider-openstack/openstack\"]",
      "instances": [
        {
          "schema_version": 0,
          "attributes": {
            "fingerprint": "88:88:6c:91:75:61:f4:ae:7d:c2:cf:20:8d:e2:bc:b8",
            "id": "ssh_jenkins",
            "name": "ssh_jenkins",
            "private_key": "",
            "public_key": "ssh-rsa AAAAB3NzaC1yc2EAAAADAQABAAACAQDQZX9DEuuYSszvDbiHEj0qK4SriTBPxSXoCcA56qYqCTsepml88JPHe5Yw42shb5d1jynIZLO/Fq4meDF7Wj4qK49x/q4h7XIrBFYU6Q+XjvNbWWn5Pd2luaJ6As9JwCRI7Jyhf4f5ocCefYG/ANtTgJyEsJnaaScY7v0EDc1y2t0Rv/VLDyT2eA3wX891EP5/Bi0RZcToWrxJPJu/jGb9SNezH6r1h81d761CxPHRWHVBE9GfRvZ7cmZIgg+xP372yyfCnLxC5H/qspxGmOkKqAzX537BKtGA1LGfwsIaWlPnGss6BIcU7TTtP7Rxwc6JN3hMEh3jTQgZqr4Kdt7TAfjVJR1/EAvqhYo0D5sIGw2KsbaxR3eEWTa+0z0gCLTIABzRhWASsGM/7PPKchsT1VIQPvjwLpAQohsb7tl9fKREhIe2PNNfv//l+iyNII8PD2QWf26VvxHJuNF8Vt6K4UQrSBLQnqzfRN/2vnDwT5i+29trggbQyuzzo1pl61J2h1G7+HAhHiPuo7CJTi3uD/0qgy+U2k2f4seX3CCODH3CnBetCxhhnrOGWSsi6lephwPCP7I9PXcb5MdUaAKg4ccadXuW7+fhSUGWLhFmd/nHq67yNW+IgUgGRJAeLR+wz+OL3lscTUmsTnwYjqhXavi0yk7/5z2hKZpLoKsy8Q== manager@devstack\n",
            "region": "RegionOne",
            "user_id": "",
            "value_specs": null
          },
          "sensitive_attributes": [],
          "private": "bnVsbA=="
        }
      ]
    },
    {
      "mode": "managed",
      "type": "openstack_compute_keypair_v2",
      "name": "ssh_prod",
      "provider": "provider[\"registry.terraform.io/terraform-provider-openstack/openstack\"]",
      "instances": [
        {
          "schema_version": 0,
          "attributes": {
            "fingerprint": "64:7d:f9:8d:7a:b2:f1:74:ba:39:19:c9:29:0b:dc:27",
            "id": "ssh_prod",
            "name": "ssh_prod",
            "private_key": "",
            "public_key": "ssh-rsa AAAAB3NzaC1yc2EAAAADAQABAAACAQCYGdm/g22A4EVufoWHQodua7LHaqBKePl58C5aDprGYughjTupxSdr7FJRTU9X7oX2eJ6+eeKI8Z08W4zYNty5/417xIjfPBsHZiQlKsLG8KrWY1C8b47SqXk/m/Jf0HSmYlFB2m4H7emnTvv08K1hhJ3j3MalMHsr6em6Y/Bt+YyGU8JQrZjnDf9QXqmesZH55TTz5ONhIDbnUzN8YFVaKjRmruaGrmh2zwNopuZuJLUjzuoWGfycOyhzzOgPUEdqjpgYeAdruafXUGRHHWC5480/xr7kRIejUeQ+rH0cNeHzGE5QHOBboSL9g+3w0Cf4eqFJnjQlXj6PqaApNNPhBnWKSLe7W9gL+40pLa045Y+7Sknk/y7uj0svVVTEWaIecCsDtcv5YZDGinYVKVJ6tm7zStTpnhjEIO3dRfFHdZo2x/1mQzmV+yYZzllnI5SazNOn8pZvRopq+OpiWBQfYarZEN8PHEakLJEWAea3Ux7SsN7uj5WeRaAI/yJAkeVLGPCY2uIjsxF/bZBa2JUk4ay02Wg1MAxm+h/xfsBSJpTw6EW5C/RazBi+K/UQnOaEzPklv5SmN+lJI1azZ6hYb46zOCeF75SclqVhWkxAS/WlonWSSIZww6+BH+LXFZmCLe59UQLqMqc/nQ6pGgteOgxiIhgYsPx7m2NJkXsTrw== manager@devstack\n",
            "region": "RegionOne",
            "user_id": "",
            "value_specs": null
          },
          "sensitive_attributes": [],
          "private": "bnVsbA=="
        }
      ]
    },
    {
      "mode": "managed",
      "type": "openstack_compute_keypair_v2",
      "name": "ssh_sonar",
      "provider": "provider[\"registry.terraform.io/terraform-provider-openstack/openstack\"]",
      "instances": [
        {
          "schema_version": 0,
          "attributes": {
            "fingerprint": "ed:3a:c5:8e:6c:a7:83:b3:2d:e6:ce:c9:e5:54:25:6b",
            "id": "ssh_sonar",
            "name": "ssh_sonar",
            "private_key": "",
            "public_key": "ssh-rsa AAAAB3NzaC1yc2EAAAADAQABAAACAQDJetpmBXcq3xRKJ8v+XYHoBnit9JGNbTSkQM2mLZpjpUOThYPM3s1PSMiIkoFnljV/DVjB5F9iw+ptO2JYIHXYxrE64DiZMyiRUKNwIerUD/DUeG6LM8xY/7bRBZ6+TxBZFEA5l4UT4GffWLfgNc4X0bgNRYKhOTO0hER/JPGzc2v7+2egVQhH7PsvHDceE6ruuo3HZNKw9BG+0zXCQ6tqsHaly5pFqYAEm2PgQe6/kTTT0v8nzFa5Vxh55z3WutTYBATHrqt+kO3Q7pJ8XxRMP+U8RjsR9S2LYIJLC6RJQGuIePYLjSoRfndV3RqZqkuDk+aaYDtVXteeXJKi9FxcD2ndUDnDfSN7KC5GjgB02MSm+NgqMNg3yzKpS1IqFReODhw3QcmNnv6TxpxODoBLhOMYfq4lzNJ4ZdQXOsNB74+CwmpCI50UeoGMCz5bVpI8yNTDZ0+0bdbFOpqZNlMsgHf3/aisfkDCykcidRBLOOBr+Oq0LQLNcEhwZa9IqDMCVbM5h0pZmz8uaMlY03zNM8p1FQgDNqIWfYp5X6302CDKV0VM+AwVxiv2SaRQ+BSjakOgd9Qw0uyisEBnZKT8H1jnrwn/Piqhzl/rnZnMiaDrtTGpfqj9fUD9fKq6XR7VG0TbGNiamTMc/8C6WCK8EHTVuLse+YVhJ7GdFRF38Q== manager@devstack\n",
            "region": "RegionOne",
            "user_id": "",
            "value_specs": null
          },
          "sensitive_attributes": [],
          "private": "bnVsbA=="
        }
      ]
    },
    {
      "mode": "managed",
      "type": "openstack_compute_secgroup_v2",
      "name": "sg_jenkins",
      "provider": "provider[\"registry.terraform.io/terraform-provider-openstack/openstack\"]",
      "instances": [
        {
          "schema_version": 0,
          "attributes": {
            "description": "ssh",
            "id": "76cd27c2-7d7c-41b6-b71a-fffc391131e6",
            "name": "jenkins",
            "region": "RegionOne",
            "rule": [
              {
                "cidr": "0.0.0.0/0",
                "from_group_id": "",
                "from_port": 22,
                "id": "f3ae44f2-0d85-4a93-b168-ba450e691f82",
                "ip_protocol": "tcp",
                "self": false,
                "to_port": 22
              },
              {
                "cidr": "0.0.0.0/0",
                "from_group_id": "",
                "from_port": 8080,
                "id": "488451f8-3388-4694-9646-05aaa809433e",
                "ip_protocol": "tcp",
                "self": false,
                "to_port": 8080
              }
            ],
            "timeouts": null
          },
          "sensitive_attributes": [],
          "private": "eyJlMmJmYjczMC1lY2FhLTExZTYtOGY4OC0zNDM2M2JjN2M0YzAiOnsiZGVsZXRlIjo2MDAwMDAwMDAwMDB9fQ=="
        }
      ]
    },
    {
      "mode": "managed",
      "type": "openstack_compute_secgroup_v2",
      "name": "sg_prod",
      "provider": "provider[\"registry.terraform.io/terraform-provider-openstack/openstack\"]",
      "instances": [
        {
          "schema_version": 0,
          "attributes": {
            "description": "ssh",
            "id": "84837d4f-6c4d-4518-b1f4-91309167aede",
            "name": "prod",
            "region": "RegionOne",
            "rule": [
              {
                "cidr": "0.0.0.0/0",
                "from_group_id": "",
                "from_port": 22,
                "id": "bb5927ad-c82b-48ab-965b-31f09298bc0b",
                "ip_protocol": "tcp",
                "self": false,
                "to_port": 22
              },
              {
                "cidr": "0.0.0.0/0",
                "from_group_id": "",
                "from_port": 8000,
                "id": "491298fb-57eb-4969-97a7-c39fbe1e7cc2",
                "ip_protocol": "tcp",
                "self": false,
                "to_port": 8000
              },
              {
                "cidr": "0.0.0.0/0",
                "from_group_id": "",
                "from_port": 8080,
                "id": "0c7c1f6e-6646-4c20-a07f-bebe33db0839",
                "ip_protocol": "tcp",
                "self": false,
                "to_port": 8080
              }
            ],
            "timeouts": null
          },
          "sensitive_attributes": [],
          "private": "eyJlMmJmYjczMC1lY2FhLTExZTYtOGY4OC0zNDM2M2JjN2M0YzAiOnsiZGVsZXRlIjo2MDAwMDAwMDAwMDB9fQ=="
        }
      ]
    },
    {
      "mode": "managed",
      "type": "openstack_compute_secgroup_v2",
      "name": "sg_sonar",
      "provider": "provider[\"registry.terraform.io/terraform-provider-openstack/openstack\"]",
      "instances": [
        {
          "schema_version": 0,
          "attributes": {
            "description": "ssh",
            "id": "47ae61dc-3afb-4e8c-aee5-8b5b34762002",
            "name": "sonar",
            "region": "RegionOne",
            "rule": [
              {
                "cidr": "0.0.0.0/0",
                "from_group_id": "",
                "from_port": 22,
                "id": "bded1f55-bcc1-4ea8-bf8f-c11f241454ba",
                "ip_protocol": "tcp",
                "self": false,
                "to_port": 22
              },
              {
                "cidr": "0.0.0.0/0",
                "from_group_id": "",
                "from_port": 9000,
                "id": "c2456930-94ed-4674-bf3c-3d8e6c59e2a8",
                "ip_protocol": "tcp",
                "self": false,
                "to_port": 9000
              }
            ],
            "timeouts": null
          },
          "sensitive_attributes": [],
          "private": "eyJlMmJmYjczMC1lY2FhLTExZTYtOGY4OC0zNDM2M2JjN2M0YzAiOnsiZGVsZXRlIjo2MDAwMDAwMDAwMDB9fQ=="
        }
      ]
    },
    {
      "mode": "managed",
      "type": "openstack_networking_floatingip_v2",
      "name": "Public_IP_prod",
      "provider": "provider[\"registry.terraform.io/terraform-provider-openstack/openstack\"]",
      "instances": [
        {
          "schema_version": 0,
          "attributes": {
            "address": "172.24.4.106",
            "all_tags": [],
            "description": "",
            "dns_domain": "",
            "dns_name": "",
            "fixed_ip": "192.168.233.126",
            "id": "20053ca6-bfe2-47c2-b9f5-bf413ba76b75",
            "pool": "public",
            "port_id": "6aad0f8f-920c-4984-b5b8-6222a031eb32",
            "region": "RegionOne",
            "subnet_id": null,
            "subnet_ids": null,
            "tags": [],
            "tenant_id": "c9ffed74227d43bf82c2138ae7434419",
            "timeouts": null,
            "value_specs": null
          },
          "sensitive_attributes": [],
          "private": "eyJlMmJmYjczMC1lY2FhLTExZTYtOGY4OC0zNDM2M2JjN2M0YzAiOnsiY3JlYXRlIjo2MDAwMDAwMDAwMDAsImRlbGV0ZSI6NjAwMDAwMDAwMDAwfX0="
        }
      ]
    },
    {
      "mode": "managed",
      "type": "openstack_networking_floatingip_v2",
      "name": "Public_IP_sonar",
      "provider": "provider[\"registry.terraform.io/terraform-provider-openstack/openstack\"]",
      "instances": [
        {
          "schema_version": 0,
          "attributes": {
            "address": "172.24.4.111",
            "all_tags": [],
            "description": "",
            "dns_domain": "",
            "dns_name": "",
            "fixed_ip": "192.168.233.74",
            "id": "f36c8cc7-906f-4533-af10-09e071558cc0",
            "pool": "public",
            "port_id": "eaef8f19-c07d-4070-9f81-3d8e5b0f244f",
            "region": "RegionOne",
            "subnet_id": null,
            "subnet_ids": null,
            "tags": [],
            "tenant_id": "c9ffed74227d43bf82c2138ae7434419",
            "timeouts": null,
            "value_specs": null
          },
          "sensitive_attributes": [],
          "private": "eyJlMmJmYjczMC1lY2FhLTExZTYtOGY4OC0zNDM2M2JjN2M0YzAiOnsiY3JlYXRlIjo2MDAwMDAwMDAwMDAsImRlbGV0ZSI6NjAwMDAwMDAwMDAwfX0="
        }
      ]
    },
    {
      "mode": "managed",
      "type": "openstack_networking_floatingip_v2",
      "name": "public_ip_jenkins",
      "provider": "provider[\"registry.terraform.io/terraform-provider-openstack/openstack\"]",
      "instances": [
        {
          "schema_version": 0,
          "attributes": {
            "address": "172.24.4.45",
            "all_tags": [],
            "description": "",
            "dns_domain": "",
            "dns_name": "",
            "fixed_ip": "192.168.233.14",
            "id": "234a3cae-de11-4609-bcaa-90fbd270b0fb",
            "pool": "public",
            "port_id": "14b9ad81-b6c2-4b03-9670-255787049a13",
            "region": "RegionOne",
            "subnet_id": null,
            "subnet_ids": null,
            "tags": [],
            "tenant_id": "c9ffed74227d43bf82c2138ae7434419",
            "timeouts": null,
            "value_specs": null
          },
          "sensitive_attributes": [],
          "private": "eyJlMmJmYjczMC1lY2FhLTExZTYtOGY4OC0zNDM2M2JjN2M0YzAiOnsiY3JlYXRlIjo2MDAwMDAwMDAwMDAsImRlbGV0ZSI6NjAwMDAwMDAwMDAwfX0="
        }
      ]
    }
  ],
  "check_results": null
}
