{
  "version": 4,
  "terraform_version": "1.4.5",
  "serial": 679,
  "lineage": "913f8a5a-96a5-8249-ed8b-86f7c133b0a9",
  "outputs": {
    "jenkins_floating_ip": {
      "value": "172.24.4.71",
      "type": "string"
    },
    "prod_floating_ip": {
      "value": "172.24.4.58",
      "type": "string"
    },
    "sonar_floating_ip": {
      "value": "172.24.4.144",
      "type": "string"
    }
  },
  "resources": [
    {
      "mode": "managed",
      "type": "openstack_compute_floatingip_associate_v2",
      "name": "public_ip_jenkins_attach",
      "provider": "provider[\"registry.terraform.io/terraform-provider-openstack/openstack\"]",
      "instances": [
        {
          "schema_version": 0,
          "attributes": {
            "fixed_ip": "",
            "floating_ip": "172.24.4.71",
            "id": "172.24.4.71/9a61d2b4-41f2-4a6e-9f16-763a3eb4b79a/",
            "instance_id": "9a61d2b4-41f2-4a6e-9f16-763a3eb4b79a",
            "region": "RegionOne",
            "timeouts": null,
            "wait_until_associated": null
          },
          "sensitive_attributes": [],
          "private": "eyJlMmJmYjczMC1lY2FhLTExZTYtOGY4OC0zNDM2M2JjN2M0YzAiOnsiY3JlYXRlIjo2MDAwMDAwMDAwMDB9fQ==",
          "dependencies": [
            "openstack_compute_instance_v2.jenkins",
            "openstack_compute_keypair_v2.ssh_jenkins",
            "openstack_compute_secgroup_v2.sg_jenkins",
            "openstack_networking_floatingip_v2.public_ip_jenkins"
          ]
        }
      ]
    },
    {
      "mode": "managed",
      "type": "openstack_compute_floatingip_associate_v2",
      "name": "public_ip_prod_attach",
      "provider": "provider[\"registry.terraform.io/terraform-provider-openstack/openstack\"]",
      "instances": [
        {
          "schema_version": 0,
          "attributes": {
            "fixed_ip": "",
            "floating_ip": "172.24.4.58",
            "id": "172.24.4.58/0d8a0026-3e67-41a8-8954-b1edc3541433/",
            "instance_id": "0d8a0026-3e67-41a8-8954-b1edc3541433",
            "region": "RegionOne",
            "timeouts": null,
            "wait_until_associated": null
          },
          "sensitive_attributes": [],
          "private": "eyJlMmJmYjczMC1lY2FhLTExZTYtOGY4OC0zNDM2M2JjN2M0YzAiOnsiY3JlYXRlIjo2MDAwMDAwMDAwMDB9fQ==",
          "dependencies": [
            "openstack_compute_instance_v2.prod",
            "openstack_compute_keypair_v2.ssh_prod",
            "openstack_compute_secgroup_v2.sg_prod",
            "openstack_networking_floatingip_v2.Public_IP_prod"
          ]
        }
      ]
    },
    {
      "mode": "managed",
      "type": "openstack_compute_floatingip_associate_v2",
      "name": "public_ip_sonar_attach",
      "provider": "provider[\"registry.terraform.io/terraform-provider-openstack/openstack\"]",
      "instances": [
        {
          "schema_version": 0,
          "attributes": {
            "fixed_ip": "",
            "floating_ip": "172.24.4.144",
            "id": "172.24.4.144/d4c75d7d-b3d2-41a6-899d-5d70cafad15c/",
            "instance_id": "d4c75d7d-b3d2-41a6-899d-5d70cafad15c",
            "region": "RegionOne",
            "timeouts": null,
            "wait_until_associated": null
          },
          "sensitive_attributes": [],
          "private": "eyJlMmJmYjczMC1lY2FhLTExZTYtOGY4OC0zNDM2M2JjN2M0YzAiOnsiY3JlYXRlIjo2MDAwMDAwMDAwMDB9fQ==",
          "dependencies": [
            "openstack_compute_instance_v2.sonar",
            "openstack_compute_keypair_v2.ssh_sonar",
            "openstack_compute_secgroup_v2.sg_sonar",
            "openstack_networking_floatingip_v2.Public_IP_sonar"
          ]
        }
      ]
    },
    {
      "mode": "managed",
      "type": "openstack_compute_instance_v2",
      "name": "jenkins",
      "provider": "provider[\"registry.terraform.io/terraform-provider-openstack/openstack\"]",
      "instances": [
        {
          "schema_version": 0,
          "attributes": {
            "access_ip_v4": "192.168.233.176",
            "access_ip_v6": "",
            "admin_pass": null,
            "all_metadata": {},
            "all_tags": [],
            "availability_zone": "nova",
            "availability_zone_hints": null,
            "block_device": [],
            "config_drive": null,
            "created": "2023-09-28 14:40:09 +0000 UTC",
            "flavor_id": "d4",
            "flavor_name": "ds4G",
            "floating_ip": null,
            "force_delete": false,
            "id": "9a61d2b4-41f2-4a6e-9f16-763a3eb4b79a",
            "image_id": "a7167185-6aa1-4e50-b30b-f26c9fddcf76",
            "image_name": "centos",
            "key_pair": "ssh_jenkins",
            "metadata": null,
            "name": "jenkins",
            "network": [
              {
                "access_network": false,
                "fixed_ip_v4": "192.168.233.176",
                "fixed_ip_v6": "",
                "floating_ip": "",
                "mac": "fa:16:3e:17:02:b2",
                "name": "shared",
                "port": "",
                "uuid": "95b39675-aff5-4699-b1c6-ea3722658f06"
              }
            ],
            "network_mode": null,
            "personality": [],
            "power_state": "active",
            "region": "RegionOne",
            "scheduler_hints": [],
            "security_groups": [
              "jenkins"
            ],
            "stop_before_destroy": false,
            "tags": [],
            "timeouts": null,
            "updated": "2023-09-28 21:51:20 +0000 UTC",
            "user_data": null,
            "vendor_options": [],
            "volume": []
          },
          "sensitive_attributes": [],
          "private": "eyJlMmJmYjczMC1lY2FhLTExZTYtOGY4OC0zNDM2M2JjN2M0YzAiOnsiY3JlYXRlIjoxODAwMDAwMDAwMDAwLCJkZWxldGUiOjE4MDAwMDAwMDAwMDAsInVwZGF0ZSI6MTgwMDAwMDAwMDAwMH19",
          "dependencies": [
            "openstack_compute_keypair_v2.ssh_jenkins",
            "openstack_compute_secgroup_v2.sg_jenkins"
          ]
        }
      ]
    },
    {
      "mode": "managed",
      "type": "openstack_compute_instance_v2",
      "name": "prod",
      "provider": "provider[\"registry.terraform.io/terraform-provider-openstack/openstack\"]",
      "instances": [
        {
          "schema_version": 0,
          "attributes": {
            "access_ip_v4": "192.168.233.25",
            "access_ip_v6": "",
            "admin_pass": null,
            "all_metadata": {},
            "all_tags": [],
            "availability_zone": "nova",
            "availability_zone_hints": null,
            "block_device": [],
            "config_drive": null,
            "created": "2023-09-28 14:46:23 +0000 UTC",
            "flavor_id": "4c10s",
            "flavor_name": "4c10s",
            "floating_ip": null,
            "force_delete": false,
            "id": "0d8a0026-3e67-41a8-8954-b1edc3541433",
            "image_id": "a7167185-6aa1-4e50-b30b-f26c9fddcf76",
            "image_name": "centos",
            "key_pair": "ssh_prod",
            "metadata": null,
            "name": "prod",
            "network": [
              {
                "access_network": false,
                "fixed_ip_v4": "192.168.233.25",
                "fixed_ip_v6": "",
                "floating_ip": "",
                "mac": "fa:16:3e:42:27:6f",
                "name": "shared",
                "port": "",
                "uuid": "95b39675-aff5-4699-b1c6-ea3722658f06"
              }
            ],
            "network_mode": null,
            "personality": [],
            "power_state": "active",
            "region": "RegionOne",
            "scheduler_hints": [],
            "security_groups": [
              "prod"
            ],
            "stop_before_destroy": false,
            "tags": [],
            "timeouts": null,
            "updated": "2023-09-28 14:46:26 +0000 UTC",
            "user_data": null,
            "vendor_options": [],
            "volume": []
          },
          "sensitive_attributes": [],
          "private": "eyJlMmJmYjczMC1lY2FhLTExZTYtOGY4OC0zNDM2M2JjN2M0YzAiOnsiY3JlYXRlIjoxODAwMDAwMDAwMDAwLCJkZWxldGUiOjE4MDAwMDAwMDAwMDAsInVwZGF0ZSI6MTgwMDAwMDAwMDAwMH19",
          "dependencies": [
            "openstack_compute_keypair_v2.ssh_prod",
            "openstack_compute_secgroup_v2.sg_prod"
          ]
        }
      ]
    },
    {
      "mode": "managed",
      "type": "openstack_compute_instance_v2",
      "name": "sonar",
      "provider": "provider[\"registry.terraform.io/terraform-provider-openstack/openstack\"]",
      "instances": [
        {
          "schema_version": 0,
          "attributes": {
            "access_ip_v4": "192.168.233.180",
            "access_ip_v6": "",
            "admin_pass": null,
            "all_metadata": {},
            "all_tags": [],
            "availability_zone": "nova",
            "availability_zone_hints": null,
            "block_device": [],
            "config_drive": null,
            "created": "2023-09-28 14:40:09 +0000 UTC",
            "flavor_id": "d3q",
            "flavor_name": "ds4G10",
            "floating_ip": null,
            "force_delete": false,
            "id": "d4c75d7d-b3d2-41a6-899d-5d70cafad15c",
            "image_id": "a7167185-6aa1-4e50-b30b-f26c9fddcf76",
            "image_name": "centos",
            "key_pair": "ssh_sonar",
            "metadata": null,
            "name": "sonar",
            "network": [
              {
                "access_network": false,
                "fixed_ip_v4": "192.168.233.180",
                "fixed_ip_v6": "",
                "floating_ip": "",
                "mac": "fa:16:3e:06:da:95",
                "name": "shared",
                "port": "",
                "uuid": "95b39675-aff5-4699-b1c6-ea3722658f06"
              }
            ],
            "network_mode": null,
            "personality": [],
            "power_state": "active",
            "region": "RegionOne",
            "scheduler_hints": [],
            "security_groups": [
              "sonar"
            ],
            "stop_before_destroy": false,
            "tags": [],
            "timeouts": null,
            "updated": "2023-09-28 14:40:13 +0000 UTC",
            "user_data": null,
            "vendor_options": [],
            "volume": []
          },
          "sensitive_attributes": [],
          "private": "eyJlMmJmYjczMC1lY2FhLTExZTYtOGY4OC0zNDM2M2JjN2M0YzAiOnsiY3JlYXRlIjoxODAwMDAwMDAwMDAwLCJkZWxldGUiOjE4MDAwMDAwMDAwMDAsInVwZGF0ZSI6MTgwMDAwMDAwMDAwMH19",
          "dependencies": [
            "openstack_compute_keypair_v2.ssh_sonar",
            "openstack_compute_secgroup_v2.sg_sonar"
          ]
        }
      ]
    },
    {
      "mode": "managed",
      "type": "openstack_compute_keypair_v2",
      "name": "ssh_jenkins",
      "provider": "provider[\"registry.terraform.io/terraform-provider-openstack/openstack\"]",
      "instances": [
        {
          "schema_version": 0,
          "attributes": {
            "fingerprint": "88:88:6c:91:75:61:f4:ae:7d:c2:cf:20:8d:e2:bc:b8",
            "id": "ssh_jenkins",
            "name": "ssh_jenkins",
            "private_key": "",
            "public_key": "ssh-rsa AAAAB3NzaC1yc2EAAAADAQABAAACAQDQZX9DEuuYSszvDbiHEj0qK4SriTBPxSXoCcA56qYqCTsepml88JPHe5Yw42shb5d1jynIZLO/Fq4meDF7Wj4qK49x/q4h7XIrBFYU6Q+XjvNbWWn5Pd2luaJ6As9JwCRI7Jyhf4f5ocCefYG/ANtTgJyEsJnaaScY7v0EDc1y2t0Rv/VLDyT2eA3wX891EP5/Bi0RZcToWrxJPJu/jGb9SNezH6r1h81d761CxPHRWHVBE9GfRvZ7cmZIgg+xP372yyfCnLxC5H/qspxGmOkKqAzX537BKtGA1LGfwsIaWlPnGss6BIcU7TTtP7Rxwc6JN3hMEh3jTQgZqr4Kdt7TAfjVJR1/EAvqhYo0D5sIGw2KsbaxR3eEWTa+0z0gCLTIABzRhWASsGM/7PPKchsT1VIQPvjwLpAQohsb7tl9fKREhIe2PNNfv//l+iyNII8PD2QWf26VvxHJuNF8Vt6K4UQrSBLQnqzfRN/2vnDwT5i+29trggbQyuzzo1pl61J2h1G7+HAhHiPuo7CJTi3uD/0qgy+U2k2f4seX3CCODH3CnBetCxhhnrOGWSsi6lephwPCP7I9PXcb5MdUaAKg4ccadXuW7+fhSUGWLhFmd/nHq67yNW+IgUgGRJAeLR+wz+OL3lscTUmsTnwYjqhXavi0yk7/5z2hKZpLoKsy8Q== manager@devstack\n",
            "region": "RegionOne",
            "user_id": "",
            "value_specs": null
          },
          "sensitive_attributes": [],
          "private": "bnVsbA=="
        }
      ]
    },
    {
      "mode": "managed",
      "type": "openstack_compute_keypair_v2",
      "name": "ssh_prod",
      "provider": "provider[\"registry.terraform.io/terraform-provider-openstack/openstack\"]",
      "instances": [
        {
          "schema_version": 0,
          "attributes": {
            "fingerprint": "64:7d:f9:8d:7a:b2:f1:74:ba:39:19:c9:29:0b:dc:27",
            "id": "ssh_prod",
            "name": "ssh_prod",
            "private_key": "",
            "public_key": "ssh-rsa AAAAB3NzaC1yc2EAAAADAQABAAACAQCYGdm/g22A4EVufoWHQodua7LHaqBKePl58C5aDprGYughjTupxSdr7FJRTU9X7oX2eJ6+eeKI8Z08W4zYNty5/417xIjfPBsHZiQlKsLG8KrWY1C8b47SqXk/m/Jf0HSmYlFB2m4H7emnTvv08K1hhJ3j3MalMHsr6em6Y/Bt+YyGU8JQrZjnDf9QXqmesZH55TTz5ONhIDbnUzN8YFVaKjRmruaGrmh2zwNopuZuJLUjzuoWGfycOyhzzOgPUEdqjpgYeAdruafXUGRHHWC5480/xr7kRIejUeQ+rH0cNeHzGE5QHOBboSL9g+3w0Cf4eqFJnjQlXj6PqaApNNPhBnWKSLe7W9gL+40pLa045Y+7Sknk/y7uj0svVVTEWaIecCsDtcv5YZDGinYVKVJ6tm7zStTpnhjEIO3dRfFHdZo2x/1mQzmV+yYZzllnI5SazNOn8pZvRopq+OpiWBQfYarZEN8PHEakLJEWAea3Ux7SsN7uj5WeRaAI/yJAkeVLGPCY2uIjsxF/bZBa2JUk4ay02Wg1MAxm+h/xfsBSJpTw6EW5C/RazBi+K/UQnOaEzPklv5SmN+lJI1azZ6hYb46zOCeF75SclqVhWkxAS/WlonWSSIZww6+BH+LXFZmCLe59UQLqMqc/nQ6pGgteOgxiIhgYsPx7m2NJkXsTrw== manager@devstack\n",
            "region": "RegionOne",
            "user_id": "",
            "value_specs": null
          },
          "sensitive_attributes": [],
          "private": "bnVsbA=="
        }
      ]
    },
    {
      "mode": "managed",
      "type": "openstack_compute_keypair_v2",
      "name": "ssh_sonar",
      "provider": "provider[\"registry.terraform.io/terraform-provider-openstack/openstack\"]",
      "instances": [
        {
          "schema_version": 0,
          "attributes": {
            "fingerprint": "ed:3a:c5:8e:6c:a7:83:b3:2d:e6:ce:c9:e5:54:25:6b",
            "id": "ssh_sonar",
            "name": "ssh_sonar",
            "private_key": "",
            "public_key": "ssh-rsa AAAAB3NzaC1yc2EAAAADAQABAAACAQDJetpmBXcq3xRKJ8v+XYHoBnit9JGNbTSkQM2mLZpjpUOThYPM3s1PSMiIkoFnljV/DVjB5F9iw+ptO2JYIHXYxrE64DiZMyiRUKNwIerUD/DUeG6LM8xY/7bRBZ6+TxBZFEA5l4UT4GffWLfgNc4X0bgNRYKhOTO0hER/JPGzc2v7+2egVQhH7PsvHDceE6ruuo3HZNKw9BG+0zXCQ6tqsHaly5pFqYAEm2PgQe6/kTTT0v8nzFa5Vxh55z3WutTYBATHrqt+kO3Q7pJ8XxRMP+U8RjsR9S2LYIJLC6RJQGuIePYLjSoRfndV3RqZqkuDk+aaYDtVXteeXJKi9FxcD2ndUDnDfSN7KC5GjgB02MSm+NgqMNg3yzKpS1IqFReODhw3QcmNnv6TxpxODoBLhOMYfq4lzNJ4ZdQXOsNB74+CwmpCI50UeoGMCz5bVpI8yNTDZ0+0bdbFOpqZNlMsgHf3/aisfkDCykcidRBLOOBr+Oq0LQLNcEhwZa9IqDMCVbM5h0pZmz8uaMlY03zNM8p1FQgDNqIWfYp5X6302CDKV0VM+AwVxiv2SaRQ+BSjakOgd9Qw0uyisEBnZKT8H1jnrwn/Piqhzl/rnZnMiaDrtTGpfqj9fUD9fKq6XR7VG0TbGNiamTMc/8C6WCK8EHTVuLse+YVhJ7GdFRF38Q== manager@devstack\n",
            "region": "RegionOne",
            "user_id": "",
            "value_specs": null
          },
          "sensitive_attributes": [],
          "private": "bnVsbA=="
        }
      ]
    },
    {
      "mode": "managed",
      "type": "openstack_compute_secgroup_v2",
      "name": "sg_jenkins",
      "provider": "provider[\"registry.terraform.io/terraform-provider-openstack/openstack\"]",
      "instances": [
        {
          "schema_version": 0,
          "attributes": {
            "description": "ssh",
            "id": "01dde578-3857-4e27-85db-e681d267271e",
            "name": "jenkins",
            "region": "RegionOne",
            "rule": [
              {
                "cidr": "0.0.0.0/0",
                "from_group_id": "",
                "from_port": 22,
                "id": "4f94a2dc-48d5-4e5d-9df6-598df1423420",
                "ip_protocol": "tcp",
                "self": false,
                "to_port": 22
              },
              {
                "cidr": "0.0.0.0/0",
                "from_group_id": "",
                "from_port": 8080,
                "id": "095f0cb9-c832-4cfb-aa21-ce673b19048b",
                "ip_protocol": "tcp",
                "self": false,
                "to_port": 8080
              }
            ],
            "timeouts": null
          },
          "sensitive_attributes": [],
          "private": "eyJlMmJmYjczMC1lY2FhLTExZTYtOGY4OC0zNDM2M2JjN2M0YzAiOnsiZGVsZXRlIjo2MDAwMDAwMDAwMDB9fQ=="
        }
      ]
    },
    {
      "mode": "managed",
      "type": "openstack_compute_secgroup_v2",
      "name": "sg_prod",
      "provider": "provider[\"registry.terraform.io/terraform-provider-openstack/openstack\"]",
      "instances": [
        {
          "schema_version": 0,
          "attributes": {
            "description": "ssh",
            "id": "ee501535-70de-44f1-a9b9-f08ab98deb42",
            "name": "prod",
            "region": "RegionOne",
            "rule": [
              {
                "cidr": "0.0.0.0/0",
                "from_group_id": "",
                "from_port": 22,
                "id": "db261ef5-0f9e-4776-b0a3-bec3cadf5897",
                "ip_protocol": "tcp",
                "self": false,
                "to_port": 22
              },
              {
                "cidr": "0.0.0.0/0",
                "from_group_id": "",
                "from_port": 8000,
                "id": "20ffbf31-3f79-4f02-8835-83c0dbc32bf9",
                "ip_protocol": "tcp",
                "self": false,
                "to_port": 8000
              },
              {
                "cidr": "0.0.0.0/0",
                "from_group_id": "",
                "from_port": 8080,
                "id": "a8ec3019-6533-4035-a563-11317aa9ce50",
                "ip_protocol": "tcp",
                "self": false,
                "to_port": 8080
              }
            ],
            "timeouts": null
          },
          "sensitive_attributes": [],
          "private": "eyJlMmJmYjczMC1lY2FhLTExZTYtOGY4OC0zNDM2M2JjN2M0YzAiOnsiZGVsZXRlIjo2MDAwMDAwMDAwMDB9fQ=="
        }
      ]
    },
    {
      "mode": "managed",
      "type": "openstack_compute_secgroup_v2",
      "name": "sg_sonar",
      "provider": "provider[\"registry.terraform.io/terraform-provider-openstack/openstack\"]",
      "instances": [
        {
          "schema_version": 0,
          "attributes": {
            "description": "ssh",
            "id": "90c3da85-b577-44bc-85a1-7608cdfae201",
            "name": "sonar",
            "region": "RegionOne",
            "rule": [
              {
                "cidr": "0.0.0.0/0",
                "from_group_id": "",
                "from_port": 22,
                "id": "69993f30-a8f1-4780-abc3-405481f64c3a",
                "ip_protocol": "tcp",
                "self": false,
                "to_port": 22
              },
              {
                "cidr": "0.0.0.0/0",
                "from_group_id": "",
                "from_port": 9000,
                "id": "295a5cae-22e1-4b3e-968c-0a1f59b134ab",
                "ip_protocol": "tcp",
                "self": false,
                "to_port": 9000
              }
            ],
            "timeouts": null
          },
          "sensitive_attributes": [],
          "private": "eyJlMmJmYjczMC1lY2FhLTExZTYtOGY4OC0zNDM2M2JjN2M0YzAiOnsiZGVsZXRlIjo2MDAwMDAwMDAwMDB9fQ=="
        }
      ]
    },
    {
      "mode": "managed",
      "type": "openstack_networking_floatingip_v2",
      "name": "Public_IP_prod",
      "provider": "provider[\"registry.terraform.io/terraform-provider-openstack/openstack\"]",
      "instances": [
        {
          "schema_version": 0,
          "attributes": {
            "address": "172.24.4.58",
            "all_tags": [],
            "description": "",
            "dns_domain": "",
            "dns_name": "",
            "fixed_ip": "192.168.233.25",
            "id": "65b20286-1566-4303-967c-48bd230152dd",
            "pool": "public",
            "port_id": "6992fa7a-4de0-4241-abcc-e68c41c093fc",
            "region": "RegionOne",
            "subnet_id": null,
            "subnet_ids": null,
            "tags": [],
            "tenant_id": "c9ffed74227d43bf82c2138ae7434419",
            "timeouts": null,
            "value_specs": null
          },
          "sensitive_attributes": [],
          "private": "eyJlMmJmYjczMC1lY2FhLTExZTYtOGY4OC0zNDM2M2JjN2M0YzAiOnsiY3JlYXRlIjo2MDAwMDAwMDAwMDAsImRlbGV0ZSI6NjAwMDAwMDAwMDAwfX0="
        }
      ]
    },
    {
      "mode": "managed",
      "type": "openstack_networking_floatingip_v2",
      "name": "Public_IP_sonar",
      "provider": "provider[\"registry.terraform.io/terraform-provider-openstack/openstack\"]",
      "instances": [
        {
          "schema_version": 0,
          "attributes": {
            "address": "172.24.4.144",
            "all_tags": [],
            "description": "",
            "dns_domain": "",
            "dns_name": "",
            "fixed_ip": "192.168.233.180",
            "id": "c49b22ee-d860-4381-8c2b-bf36b7bdcf85",
            "pool": "public",
            "port_id": "d9b638bb-ee86-43f3-b979-f5557c1ce250",
            "region": "RegionOne",
            "subnet_id": null,
            "subnet_ids": null,
            "tags": [],
            "tenant_id": "c9ffed74227d43bf82c2138ae7434419",
            "timeouts": null,
            "value_specs": null
          },
          "sensitive_attributes": [],
          "private": "eyJlMmJmYjczMC1lY2FhLTExZTYtOGY4OC0zNDM2M2JjN2M0YzAiOnsiY3JlYXRlIjo2MDAwMDAwMDAwMDAsImRlbGV0ZSI6NjAwMDAwMDAwMDAwfX0="
        }
      ]
    },
    {
      "mode": "managed",
      "type": "openstack_networking_floatingip_v2",
      "name": "public_ip_jenkins",
      "provider": "provider[\"registry.terraform.io/terraform-provider-openstack/openstack\"]",
      "instances": [
        {
          "schema_version": 0,
          "attributes": {
            "address": "172.24.4.71",
            "all_tags": [],
            "description": "",
            "dns_domain": "",
            "dns_name": "",
            "fixed_ip": "192.168.233.176",
            "id": "dbb645dd-6015-4ecd-a021-75ac6d3a29a9",
            "pool": "public",
            "port_id": "3b0c6634-0fe3-493f-a6cc-5bf7b72b6bec",
            "region": "RegionOne",
            "subnet_id": null,
            "subnet_ids": null,
            "tags": [],
            "tenant_id": "c9ffed74227d43bf82c2138ae7434419",
            "timeouts": null,
            "value_specs": null
          },
          "sensitive_attributes": [],
          "private": "eyJlMmJmYjczMC1lY2FhLTExZTYtOGY4OC0zNDM2M2JjN2M0YzAiOnsiY3JlYXRlIjo2MDAwMDAwMDAwMDAsImRlbGV0ZSI6NjAwMDAwMDAwMDAwfX0="
        }
      ]
    }
  ],
  "check_results": null
}
